// !$*UTF8*$!
{
	archiveVersion = 1;
	classes = {
	};
	objectVersion = 55;
	objects = {

/* Begin PBXBuildFile section */
		F62D6545281AE523006C10E0 /* Localizable.strings in Resources */ = {isa = PBXBuildFile; fileRef = F62D6547281AE523006C10E0 /* Localizable.strings */; };
		F62D654A281C32F6006C10E0 /* CompanyCollectionViewCell.swift in Sources */ = {isa = PBXBuildFile; fileRef = F62D6549281C32F6006C10E0 /* CompanyCollectionViewCell.swift */; };
		F6548A582809B7C50003D986 /* PosterMovieCollectionViewCell.swift in Sources */ = {isa = PBXBuildFile; fileRef = F6548A572809B7C50003D986 /* PosterMovieCollectionViewCell.swift */; };
		F6548A5A2809BF6C0003D986 /* PosterMovieCollectionViewCellViewModel.swift in Sources */ = {isa = PBXBuildFile; fileRef = F6548A592809BF6C0003D986 /* PosterMovieCollectionViewCellViewModel.swift */; };
		F65DF579280EFE280069100A /* SectionHeaderCollectionReusableView.swift in Sources */ = {isa = PBXBuildFile; fileRef = F65DF578280EFE280069100A /* SectionHeaderCollectionReusableView.swift */; };
		F65DF57B280EFF3F0069100A /* Extensions.swift in Sources */ = {isa = PBXBuildFile; fileRef = F65DF57A280EFF3F0069100A /* Extensions.swift */; };
		F65DF57D280F086C0069100A /* MovieDetailsViewController.swift in Sources */ = {isa = PBXBuildFile; fileRef = F65DF57C280F086C0069100A /* MovieDetailsViewController.swift */; };
		F65DF57F2811B28D0069100A /* MovieDetails.swift in Sources */ = {isa = PBXBuildFile; fileRef = F65DF57E2811B28D0069100A /* MovieDetails.swift */; };
		F65DF5852811EEDC0069100A /* LabelWithTitle.swift in Sources */ = {isa = PBXBuildFile; fileRef = F65DF5842811EEDC0069100A /* LabelWithTitle.swift */; };
		F67CE9052808710600821EA1 /* AppDelegate.swift in Sources */ = {isa = PBXBuildFile; fileRef = F67CE9042808710600821EA1 /* AppDelegate.swift */; };
		F67CE9072808710600821EA1 /* SceneDelegate.swift in Sources */ = {isa = PBXBuildFile; fileRef = F67CE9062808710600821EA1 /* SceneDelegate.swift */; };
		F67CE90E2808710C00821EA1 /* Assets.xcassets in Resources */ = {isa = PBXBuildFile; fileRef = F67CE90D2808710C00821EA1 /* Assets.xcassets */; };
		F67CE9112808710C00821EA1 /* LaunchScreen.storyboard in Resources */ = {isa = PBXBuildFile; fileRef = F67CE90F2808710C00821EA1 /* LaunchScreen.storyboard */; };
		F67CE93D280875ED00821EA1 /* HomeViewController.swift in Sources */ = {isa = PBXBuildFile; fileRef = F67CE93C280875ED00821EA1 /* HomeViewController.swift */; };
		F67CE93F280876A400821EA1 /* SearchViewController.swift in Sources */ = {isa = PBXBuildFile; fileRef = F67CE93E280876A400821EA1 /* SearchViewController.swift */; };
		F67CE941280876B200821EA1 /* LibraryViewController.swift in Sources */ = {isa = PBXBuildFile; fileRef = F67CE940280876B200821EA1 /* LibraryViewController.swift */; };
		F67CE943280876CE00821EA1 /* TabBarViewController.swift in Sources */ = {isa = PBXBuildFile; fileRef = F67CE942280876CE00821EA1 /* TabBarViewController.swift */; };
		F67CE9452808796400821EA1 /* Constants.swift in Sources */ = {isa = PBXBuildFile; fileRef = F67CE9442808796400821EA1 /* Constants.swift */; };
		F67CE9472808821A00821EA1 /* APICaller.swift in Sources */ = {isa = PBXBuildFile; fileRef = F67CE9462808821A00821EA1 /* APICaller.swift */; };
		F67CE9492808931000821EA1 /* CommonMoviesResponse.swift in Sources */ = {isa = PBXBuildFile; fileRef = F67CE9482808931000821EA1 /* CommonMoviesResponse.swift */; };
		F67CE94B2808962B00821EA1 /* Movie.swift in Sources */ = {isa = PBXBuildFile; fileRef = F67CE94A2808962B00821EA1 /* Movie.swift */; };
		F6A7DD6D2815BFC900FB319E /* Movies.xcdatamodeld in Sources */ = {isa = PBXBuildFile; fileRef = F6A7DD6B2815BFC900FB319E /* Movies.xcdatamodeld */; };
		F6A7DD6F2815C04600FB319E /* PersistedMovie+CoreDataClass.swift in Sources */ = {isa = PBXBuildFile; fileRef = F6A7DD6E2815C04600FB319E /* PersistedMovie+CoreDataClass.swift */; };
		F6B3CC5628172EFF006E63E1 /* SearchResultTableViewCellViewModel.swift in Sources */ = {isa = PBXBuildFile; fileRef = F6B3CC5528172EFF006E63E1 /* SearchResultTableViewCellViewModel.swift */; };
		F6B3CC5828173109006E63E1 /* LibraryMovieTableViewCell.swift in Sources */ = {isa = PBXBuildFile; fileRef = F6B3CC5728173109006E63E1 /* LibraryMovieTableViewCell.swift */; };
		F6B3CC5A28173150006E63E1 /* LibraryMovieTableViewCellViewModel.swift in Sources */ = {isa = PBXBuildFile; fileRef = F6B3CC5928173150006E63E1 /* LibraryMovieTableViewCellViewModel.swift */; };
		F6D10E2C28143EDF00343768 /* SearchResultsViewController.swift in Sources */ = {isa = PBXBuildFile; fileRef = F6D10E2B28143EDF00343768 /* SearchResultsViewController.swift */; };
		F6D10E2E281452C900343768 /* SearchResultTableViewCell.swift in Sources */ = {isa = PBXBuildFile; fileRef = F6D10E2D281452C900343768 /* SearchResultTableViewCell.swift */; };
		F6D10E3328147D5E00343768 /* GenresResponse.swift in Sources */ = {isa = PBXBuildFile; fileRef = F6D10E3228147D5E00343768 /* GenresResponse.swift */; };
		F6D10E35281484E600343768 /* GenreCollectionViewCell.swift in Sources */ = {isa = PBXBuildFile; fileRef = F6D10E34281484E600343768 /* GenreCollectionViewCell.swift */; };
		F6D10E392814A80300343768 /* MoviesViewController.swift in Sources */ = {isa = PBXBuildFile; fileRef = F6D10E382814A80300343768 /* MoviesViewController.swift */; };
		F93235130139A275DEED9C23 /* Pods_movies.framework in Frameworks */ = {isa = PBXBuildFile; fileRef = 8D9F72E989AA1D58250A2F8C /* Pods_movies.framework */; };
/* End PBXBuildFile section */

/* Begin PBXContainerItemProxy section */
		F67CE9182808710C00821EA1 /* PBXContainerItemProxy */ = {
			isa = PBXContainerItemProxy;
			containerPortal = F67CE8F92808710600821EA1 /* Project object */;
			proxyType = 1;
			remoteGlobalIDString = F67CE9002808710600821EA1;
			remoteInfo = movies;
		};
		F67CE9222808710C00821EA1 /* PBXContainerItemProxy */ = {
			isa = PBXContainerItemProxy;
			containerPortal = F67CE8F92808710600821EA1 /* Project object */;
			proxyType = 1;
			remoteGlobalIDString = F67CE9002808710600821EA1;
			remoteInfo = movies;
		};
/* End PBXContainerItemProxy section */

/* Begin PBXFileReference section */
		5BE9CAE698E271292CE92368 /* Pods-movies.debug.xcconfig */ = {isa = PBXFileReference; includeInIndex = 1; lastKnownFileType = text.xcconfig; name = "Pods-movies.debug.xcconfig"; path = "Target Support Files/Pods-movies/Pods-movies.debug.xcconfig"; sourceTree = "<group>"; };
		8D9F72E989AA1D58250A2F8C /* Pods_movies.framework */ = {isa = PBXFileReference; explicitFileType = wrapper.framework; includeInIndex = 0; path = Pods_movies.framework; sourceTree = BUILT_PRODUCTS_DIR; };
		EE1C01DECF78C95F9CA9338B /* Pods-movies.release.xcconfig */ = {isa = PBXFileReference; includeInIndex = 1; lastKnownFileType = text.xcconfig; name = "Pods-movies.release.xcconfig"; path = "Target Support Files/Pods-movies/Pods-movies.release.xcconfig"; sourceTree = "<group>"; };
		F62D6542281AE4ED006C10E0 /* pl */ = {isa = PBXFileReference; lastKnownFileType = text.plist.strings; name = pl; path = pl.lproj/LaunchScreen.strings; sourceTree = "<group>"; };
		F62D6546281AE523006C10E0 /* en */ = {isa = PBXFileReference; lastKnownFileType = text.plist.strings; name = en; path = en.lproj/Localizable.strings; sourceTree = "<group>"; };
		F62D6548281AE529006C10E0 /* pl */ = {isa = PBXFileReference; lastKnownFileType = text.plist.strings; name = pl; path = pl.lproj/Localizable.strings; sourceTree = "<group>"; };
		F62D6549281C32F6006C10E0 /* CompanyCollectionViewCell.swift */ = {isa = PBXFileReference; lastKnownFileType = sourcecode.swift; path = CompanyCollectionViewCell.swift; sourceTree = "<group>"; };
		F6548A572809B7C50003D986 /* PosterMovieCollectionViewCell.swift */ = {isa = PBXFileReference; lastKnownFileType = sourcecode.swift; path = PosterMovieCollectionViewCell.swift; sourceTree = "<group>"; };
		F6548A592809BF6C0003D986 /* PosterMovieCollectionViewCellViewModel.swift */ = {isa = PBXFileReference; lastKnownFileType = sourcecode.swift; path = PosterMovieCollectionViewCellViewModel.swift; sourceTree = "<group>"; };
		F65DF578280EFE280069100A /* SectionHeaderCollectionReusableView.swift */ = {isa = PBXFileReference; lastKnownFileType = sourcecode.swift; path = SectionHeaderCollectionReusableView.swift; sourceTree = "<group>"; };
		F65DF57A280EFF3F0069100A /* Extensions.swift */ = {isa = PBXFileReference; lastKnownFileType = sourcecode.swift; path = Extensions.swift; sourceTree = "<group>"; };
		F65DF57C280F086C0069100A /* MovieDetailsViewController.swift */ = {isa = PBXFileReference; lastKnownFileType = sourcecode.swift; path = MovieDetailsViewController.swift; sourceTree = "<group>"; };
		F65DF57E2811B28D0069100A /* MovieDetails.swift */ = {isa = PBXFileReference; lastKnownFileType = sourcecode.swift; path = MovieDetails.swift; sourceTree = "<group>"; };
		F65DF5842811EEDC0069100A /* LabelWithTitle.swift */ = {isa = PBXFileReference; lastKnownFileType = sourcecode.swift; path = LabelWithTitle.swift; sourceTree = "<group>"; };
		F67CE9012808710600821EA1 /* movies.app */ = {isa = PBXFileReference; explicitFileType = wrapper.application; includeInIndex = 0; path = movies.app; sourceTree = BUILT_PRODUCTS_DIR; };
		F67CE9042808710600821EA1 /* AppDelegate.swift */ = {isa = PBXFileReference; lastKnownFileType = sourcecode.swift; path = AppDelegate.swift; sourceTree = "<group>"; };
		F67CE9062808710600821EA1 /* SceneDelegate.swift */ = {isa = PBXFileReference; lastKnownFileType = sourcecode.swift; path = SceneDelegate.swift; sourceTree = "<group>"; };
		F67CE90D2808710C00821EA1 /* Assets.xcassets */ = {isa = PBXFileReference; lastKnownFileType = folder.assetcatalog; path = Assets.xcassets; sourceTree = "<group>"; };
		F67CE9102808710C00821EA1 /* Base */ = {isa = PBXFileReference; lastKnownFileType = file.storyboard; name = Base; path = Base.lproj/LaunchScreen.storyboard; sourceTree = "<group>"; };
		F67CE9122808710C00821EA1 /* Info.plist */ = {isa = PBXFileReference; lastKnownFileType = text.plist.xml; path = Info.plist; sourceTree = "<group>"; };
		F67CE9172808710C00821EA1 /* moviesTests.xctest */ = {isa = PBXFileReference; explicitFileType = wrapper.cfbundle; includeInIndex = 0; path = moviesTests.xctest; sourceTree = BUILT_PRODUCTS_DIR; };
		F67CE9212808710C00821EA1 /* moviesUITests.xctest */ = {isa = PBXFileReference; explicitFileType = wrapper.cfbundle; includeInIndex = 0; path = moviesUITests.xctest; sourceTree = BUILT_PRODUCTS_DIR; };
		F67CE93C280875ED00821EA1 /* HomeViewController.swift */ = {isa = PBXFileReference; lastKnownFileType = sourcecode.swift; path = HomeViewController.swift; sourceTree = "<group>"; };
		F67CE93E280876A400821EA1 /* SearchViewController.swift */ = {isa = PBXFileReference; lastKnownFileType = sourcecode.swift; path = SearchViewController.swift; sourceTree = "<group>"; };
		F67CE940280876B200821EA1 /* LibraryViewController.swift */ = {isa = PBXFileReference; lastKnownFileType = sourcecode.swift; path = LibraryViewController.swift; sourceTree = "<group>"; };
		F67CE942280876CE00821EA1 /* TabBarViewController.swift */ = {isa = PBXFileReference; lastKnownFileType = sourcecode.swift; path = TabBarViewController.swift; sourceTree = "<group>"; };
		F67CE9442808796400821EA1 /* Constants.swift */ = {isa = PBXFileReference; lastKnownFileType = sourcecode.swift; path = Constants.swift; sourceTree = "<group>"; };
		F67CE9462808821A00821EA1 /* APICaller.swift */ = {isa = PBXFileReference; lastKnownFileType = sourcecode.swift; path = APICaller.swift; sourceTree = "<group>"; };
		F67CE9482808931000821EA1 /* CommonMoviesResponse.swift */ = {isa = PBXFileReference; lastKnownFileType = sourcecode.swift; path = CommonMoviesResponse.swift; sourceTree = "<group>"; };
		F67CE94A2808962B00821EA1 /* Movie.swift */ = {isa = PBXFileReference; lastKnownFileType = sourcecode.swift; path = Movie.swift; sourceTree = "<group>"; };
		F6A7DD6C2815BFC900FB319E /* Movies.xcdatamodel */ = {isa = PBXFileReference; lastKnownFileType = wrapper.xcdatamodel; path = Movies.xcdatamodel; sourceTree = "<group>"; };
		F6A7DD6E2815C04600FB319E /* PersistedMovie+CoreDataClass.swift */ = {isa = PBXFileReference; lastKnownFileType = sourcecode.swift; name = "PersistedMovie+CoreDataClass.swift"; path = "/Users/marcinpawlicki/code/Personal/movies/movies/Models/PersistedMovie+CoreDataClass.swift"; sourceTree = "<absolute>"; };
		F6B3CC5528172EFF006E63E1 /* SearchResultTableViewCellViewModel.swift */ = {isa = PBXFileReference; lastKnownFileType = sourcecode.swift; path = SearchResultTableViewCellViewModel.swift; sourceTree = "<group>"; };
		F6B3CC5728173109006E63E1 /* LibraryMovieTableViewCell.swift */ = {isa = PBXFileReference; lastKnownFileType = sourcecode.swift; path = LibraryMovieTableViewCell.swift; sourceTree = "<group>"; };
		F6B3CC5928173150006E63E1 /* LibraryMovieTableViewCellViewModel.swift */ = {isa = PBXFileReference; lastKnownFileType = sourcecode.swift; path = LibraryMovieTableViewCellViewModel.swift; sourceTree = "<group>"; };
		F6D10E2B28143EDF00343768 /* SearchResultsViewController.swift */ = {isa = PBXFileReference; lastKnownFileType = sourcecode.swift; path = SearchResultsViewController.swift; sourceTree = "<group>"; };
		F6D10E2D281452C900343768 /* SearchResultTableViewCell.swift */ = {isa = PBXFileReference; lastKnownFileType = sourcecode.swift; path = SearchResultTableViewCell.swift; sourceTree = "<group>"; };
		F6D10E3228147D5E00343768 /* GenresResponse.swift */ = {isa = PBXFileReference; lastKnownFileType = sourcecode.swift; path = GenresResponse.swift; sourceTree = "<group>"; };
		F6D10E34281484E600343768 /* GenreCollectionViewCell.swift */ = {isa = PBXFileReference; lastKnownFileType = sourcecode.swift; path = GenreCollectionViewCell.swift; sourceTree = "<group>"; };
		F6D10E382814A80300343768 /* MoviesViewController.swift */ = {isa = PBXFileReference; lastKnownFileType = sourcecode.swift; path = MoviesViewController.swift; sourceTree = "<group>"; };
/* End PBXFileReference section */

/* Begin PBXFrameworksBuildPhase section */
		F67CE8FE2808710600821EA1 /* Frameworks */ = {
			isa = PBXFrameworksBuildPhase;
			buildActionMask = 2147483647;
			files = (
				F93235130139A275DEED9C23 /* Pods_movies.framework in Frameworks */,
			);
			runOnlyForDeploymentPostprocessing = 0;
		};
		F67CE9142808710C00821EA1 /* Frameworks */ = {
			isa = PBXFrameworksBuildPhase;
			buildActionMask = 2147483647;
			files = (
			);
			runOnlyForDeploymentPostprocessing = 0;
		};
		F67CE91E2808710C00821EA1 /* Frameworks */ = {
			isa = PBXFrameworksBuildPhase;
			buildActionMask = 2147483647;
			files = (
			);
			runOnlyForDeploymentPostprocessing = 0;
		};
/* End PBXFrameworksBuildPhase section */

/* Begin PBXGroup section */
		3BC47C03F4489E098991FCB6 /* Frameworks */ = {
			isa = PBXGroup;
			children = (
				8D9F72E989AA1D58250A2F8C /* Pods_movies.framework */,
			);
			name = Frameworks;
			sourceTree = "<group>";
		};
		5566646D217C6ACDBE4C3978 /* Pods */ = {
			isa = PBXGroup;
			children = (
				5BE9CAE698E271292CE92368 /* Pods-movies.debug.xcconfig */,
				EE1C01DECF78C95F9CA9338B /* Pods-movies.release.xcconfig */,
			);
			path = Pods;
			sourceTree = "<group>";
		};
		F67CE8F82808710600821EA1 = {
			isa = PBXGroup;
			children = (
				F67CE9032808710600821EA1 /* movies */,
				F67CE9022808710600821EA1 /* Products */,
				5566646D217C6ACDBE4C3978 /* Pods */,
				3BC47C03F4489E098991FCB6 /* Frameworks */,
			);
			sourceTree = "<group>";
		};
		F67CE9022808710600821EA1 /* Products */ = {
			isa = PBXGroup;
			children = (
				F67CE9012808710600821EA1 /* movies.app */,
				F67CE9172808710C00821EA1 /* moviesTests.xctest */,
				F67CE9212808710C00821EA1 /* moviesUITests.xctest */,
			);
			name = Products;
			sourceTree = "<group>";
		};
		F67CE9032808710600821EA1 /* movies */ = {
			isa = PBXGroup;
			children = (
				F67CE9342808717B00821EA1 /* Resources */,
				F67CE9352808719200821EA1 /* Managers */,
				F67CE9362808719B00821EA1 /* ViewModels */,
				F67CE937280871A100821EA1 /* Models */,
				F67CE938280871A600821EA1 /* Views */,
				F67CE939280871AC00821EA1 /* Controllers */,
				F67CE9122808710C00821EA1 /* Info.plist */,
			);
			path = movies;
			sourceTree = "<group>";
		};
		F67CE9342808717B00821EA1 /* Resources */ = {
			isa = PBXGroup;
			children = (
				F6A7DD6B2815BFC900FB319E /* Movies.xcdatamodeld */,
				F67CE90D2808710C00821EA1 /* Assets.xcassets */,
				F62D6547281AE523006C10E0 /* Localizable.strings */,
				F67CE9042808710600821EA1 /* AppDelegate.swift */,
				F67CE9062808710600821EA1 /* SceneDelegate.swift */,
				F67CE9442808796400821EA1 /* Constants.swift */,
				F65DF57A280EFF3F0069100A /* Extensions.swift */,
			);
			path = Resources;
			sourceTree = "<group>";
		};
		F67CE9352808719200821EA1 /* Managers */ = {
			isa = PBXGroup;
			children = (
				F67CE9462808821A00821EA1 /* APICaller.swift */,
			);
			path = Managers;
			sourceTree = "<group>";
		};
		F67CE9362808719B00821EA1 /* ViewModels */ = {
			isa = PBXGroup;
			children = (
				F6548A592809BF6C0003D986 /* PosterMovieCollectionViewCellViewModel.swift */,
				F6B3CC5528172EFF006E63E1 /* SearchResultTableViewCellViewModel.swift */,
				F6B3CC5928173150006E63E1 /* LibraryMovieTableViewCellViewModel.swift */,
			);
			path = ViewModels;
			sourceTree = "<group>";
		};
		F67CE937280871A100821EA1 /* Models */ = {
			isa = PBXGroup;
			children = (
				F67CE9482808931000821EA1 /* CommonMoviesResponse.swift */,
				F67CE94A2808962B00821EA1 /* Movie.swift */,
				F65DF57E2811B28D0069100A /* MovieDetails.swift */,
				F6D10E3228147D5E00343768 /* GenresResponse.swift */,
				F6A7DD6E2815C04600FB319E /* PersistedMovie+CoreDataClass.swift */,
			);
			path = Models;
			sourceTree = "<group>";
		};
		F67CE938280871A600821EA1 /* Views */ = {
			isa = PBXGroup;
			children = (
				F67CE90F2808710C00821EA1 /* LaunchScreen.storyboard */,
				F6548A572809B7C50003D986 /* PosterMovieCollectionViewCell.swift */,
				F65DF578280EFE280069100A /* SectionHeaderCollectionReusableView.swift */,
				F65DF5842811EEDC0069100A /* LabelWithTitle.swift */,
				F6D10E2D281452C900343768 /* SearchResultTableViewCell.swift */,
				F6D10E34281484E600343768 /* GenreCollectionViewCell.swift */,
				F6B3CC5728173109006E63E1 /* LibraryMovieTableViewCell.swift */,
				F62D6549281C32F6006C10E0 /* CompanyCollectionViewCell.swift */,
			);
			path = Views;
			sourceTree = "<group>";
		};
		F67CE939280871AC00821EA1 /* Controllers */ = {
			isa = PBXGroup;
			children = (
				F67CE93B280875BF00821EA1 /* Other */,
				F67CE93A280875B900821EA1 /* Core */,
			);
			path = Controllers;
			sourceTree = "<group>";
		};
		F67CE93A280875B900821EA1 /* Core */ = {
			isa = PBXGroup;
			children = (
				F67CE93C280875ED00821EA1 /* HomeViewController.swift */,
				F67CE93E280876A400821EA1 /* SearchViewController.swift */,
				F67CE940280876B200821EA1 /* LibraryViewController.swift */,
				F67CE942280876CE00821EA1 /* TabBarViewController.swift */,
			);
			path = Core;
			sourceTree = "<group>";
		};
		F67CE93B280875BF00821EA1 /* Other */ = {
			isa = PBXGroup;
			children = (
				F65DF57C280F086C0069100A /* MovieDetailsViewController.swift */,
				F6D10E2B28143EDF00343768 /* SearchResultsViewController.swift */,
				F6D10E382814A80300343768 /* MoviesViewController.swift */,
			);
			path = Other;
			sourceTree = "<group>";
		};
/* End PBXGroup section */

/* Begin PBXNativeTarget section */
		F67CE9002808710600821EA1 /* movies */ = {
			isa = PBXNativeTarget;
			buildConfigurationList = F67CE92B2808710C00821EA1 /* Build configuration list for PBXNativeTarget "movies" */;
			buildPhases = (
				5EE184A0AAE1997BDFA4ECF4 /* [CP] Check Pods Manifest.lock */,
				F67CE8FD2808710600821EA1 /* Sources */,
				F67CE8FE2808710600821EA1 /* Frameworks */,
				F67CE8FF2808710600821EA1 /* Resources */,
				E7B016D1AB379FDB6CB2C25B /* [CP] Embed Pods Frameworks */,
			);
			buildRules = (
			);
			dependencies = (
			);
			name = movies;
			productName = movies;
			productReference = F67CE9012808710600821EA1 /* movies.app */;
			productType = "com.apple.product-type.application";
		};
		F67CE9162808710C00821EA1 /* moviesTests */ = {
			isa = PBXNativeTarget;
			buildConfigurationList = F67CE92E2808710C00821EA1 /* Build configuration list for PBXNativeTarget "moviesTests" */;
			buildPhases = (
				F67CE9132808710C00821EA1 /* Sources */,
				F67CE9142808710C00821EA1 /* Frameworks */,
				F67CE9152808710C00821EA1 /* Resources */,
			);
			buildRules = (
			);
			dependencies = (
				F67CE9192808710C00821EA1 /* PBXTargetDependency */,
			);
			name = moviesTests;
			productName = moviesTests;
			productReference = F67CE9172808710C00821EA1 /* moviesTests.xctest */;
			productType = "com.apple.product-type.bundle.unit-test";
		};
		F67CE9202808710C00821EA1 /* moviesUITests */ = {
			isa = PBXNativeTarget;
			buildConfigurationList = F67CE9312808710C00821EA1 /* Build configuration list for PBXNativeTarget "moviesUITests" */;
			buildPhases = (
				F67CE91D2808710C00821EA1 /* Sources */,
				F67CE91E2808710C00821EA1 /* Frameworks */,
				F67CE91F2808710C00821EA1 /* Resources */,
			);
			buildRules = (
			);
			dependencies = (
				F67CE9232808710C00821EA1 /* PBXTargetDependency */,
			);
			name = moviesUITests;
			productName = moviesUITests;
			productReference = F67CE9212808710C00821EA1 /* moviesUITests.xctest */;
			productType = "com.apple.product-type.bundle.ui-testing";
		};
/* End PBXNativeTarget section */

/* Begin PBXProject section */
		F67CE8F92808710600821EA1 /* Project object */ = {
			isa = PBXProject;
			attributes = {
				BuildIndependentTargetsInParallel = 1;
				LastSwiftUpdateCheck = 1330;
				LastUpgradeCheck = 1330;
				TargetAttributes = {
					F67CE9002808710600821EA1 = {
						CreatedOnToolsVersion = 13.3;
					};
					F67CE9162808710C00821EA1 = {
						CreatedOnToolsVersion = 13.3;
						TestTargetID = F67CE9002808710600821EA1;
					};
					F67CE9202808710C00821EA1 = {
						CreatedOnToolsVersion = 13.3;
						TestTargetID = F67CE9002808710600821EA1;
					};
				};
			};
			buildConfigurationList = F67CE8FC2808710600821EA1 /* Build configuration list for PBXProject "movies" */;
			compatibilityVersion = "Xcode 13.0";
			developmentRegion = en;
			hasScannedForEncodings = 0;
			knownRegions = (
				en,
				Base,
				pl,
			);
			mainGroup = F67CE8F82808710600821EA1;
			productRefGroup = F67CE9022808710600821EA1 /* Products */;
			projectDirPath = "";
			projectRoot = "";
			targets = (
				F67CE9002808710600821EA1 /* movies */,
				F67CE9162808710C00821EA1 /* moviesTests */,
				F67CE9202808710C00821EA1 /* moviesUITests */,
			);
		};
/* End PBXProject section */

/* Begin PBXResourcesBuildPhase section */
		F67CE8FF2808710600821EA1 /* Resources */ = {
			isa = PBXResourcesBuildPhase;
			buildActionMask = 2147483647;
			files = (
				F67CE9112808710C00821EA1 /* LaunchScreen.storyboard in Resources */,
				F62D6545281AE523006C10E0 /* Localizable.strings in Resources */,
				F67CE90E2808710C00821EA1 /* Assets.xcassets in Resources */,
			);
			runOnlyForDeploymentPostprocessing = 0;
		};
		F67CE9152808710C00821EA1 /* Resources */ = {
			isa = PBXResourcesBuildPhase;
			buildActionMask = 2147483647;
			files = (
			);
			runOnlyForDeploymentPostprocessing = 0;
		};
		F67CE91F2808710C00821EA1 /* Resources */ = {
			isa = PBXResourcesBuildPhase;
			buildActionMask = 2147483647;
			files = (
			);
			runOnlyForDeploymentPostprocessing = 0;
		};
/* End PBXResourcesBuildPhase section */

/* Begin PBXShellScriptBuildPhase section */
		5EE184A0AAE1997BDFA4ECF4 /* [CP] Check Pods Manifest.lock */ = {
			isa = PBXShellScriptBuildPhase;
			buildActionMask = 2147483647;
			files = (
			);
			inputFileListPaths = (
			);
			inputPaths = (
				"${PODS_PODFILE_DIR_PATH}/Podfile.lock",
				"${PODS_ROOT}/Manifest.lock",
			);
			name = "[CP] Check Pods Manifest.lock";
			outputFileListPaths = (
			);
			outputPaths = (
				"$(DERIVED_FILE_DIR)/Pods-movies-checkManifestLockResult.txt",
			);
			runOnlyForDeploymentPostprocessing = 0;
			shellPath = /bin/sh;
			shellScript = "diff \"${PODS_PODFILE_DIR_PATH}/Podfile.lock\" \"${PODS_ROOT}/Manifest.lock\" > /dev/null\nif [ $? != 0 ] ; then\n    # print error to STDERR\n    echo \"error: The sandbox is not in sync with the Podfile.lock. Run 'pod install' or update your CocoaPods installation.\" >&2\n    exit 1\nfi\n# This output is used by Xcode 'outputs' to avoid re-running this script phase.\necho \"SUCCESS\" > \"${SCRIPT_OUTPUT_FILE_0}\"\n";
			showEnvVarsInLog = 0;
		};
		E7B016D1AB379FDB6CB2C25B /* [CP] Embed Pods Frameworks */ = {
			isa = PBXShellScriptBuildPhase;
			buildActionMask = 2147483647;
			files = (
			);
			inputFileListPaths = (
				"${PODS_ROOT}/Target Support Files/Pods-movies/Pods-movies-frameworks-${CONFIGURATION}-input-files.xcfilelist",
			);
			name = "[CP] Embed Pods Frameworks";
			outputFileListPaths = (
				"${PODS_ROOT}/Target Support Files/Pods-movies/Pods-movies-frameworks-${CONFIGURATION}-output-files.xcfilelist",
			);
			runOnlyForDeploymentPostprocessing = 0;
			shellPath = /bin/sh;
			shellScript = "\"${PODS_ROOT}/Target Support Files/Pods-movies/Pods-movies-frameworks.sh\"\n";
			showEnvVarsInLog = 0;
		};
/* End PBXShellScriptBuildPhase section */

/* Begin PBXSourcesBuildPhase section */
		F67CE8FD2808710600821EA1 /* Sources */ = {
			isa = PBXSourcesBuildPhase;
			buildActionMask = 2147483647;
			files = (
				F6548A5A2809BF6C0003D986 /* PosterMovieCollectionViewCellViewModel.swift in Sources */,
				F67CE93F280876A400821EA1 /* SearchViewController.swift in Sources */,
				F6D10E35281484E600343768 /* GenreCollectionViewCell.swift in Sources */,
				F65DF5852811EEDC0069100A /* LabelWithTitle.swift in Sources */,
				F6A7DD6F2815C04600FB319E /* PersistedMovie+CoreDataClass.swift in Sources */,
				F67CE9052808710600821EA1 /* AppDelegate.swift in Sources */,
				F6A7DD6D2815BFC900FB319E /* Movies.xcdatamodeld in Sources */,
				F65DF57F2811B28D0069100A /* MovieDetails.swift in Sources */,
				F62D654A281C32F6006C10E0 /* CompanyCollectionViewCell.swift in Sources */,
				F67CE9492808931000821EA1 /* CommonMoviesResponse.swift in Sources */,
				F6548A582809B7C50003D986 /* PosterMovieCollectionViewCell.swift in Sources */,
				F6D10E2C28143EDF00343768 /* SearchResultsViewController.swift in Sources */,
				F65DF57D280F086C0069100A /* MovieDetailsViewController.swift in Sources */,
				F67CE9072808710600821EA1 /* SceneDelegate.swift in Sources */,
				F6D10E2E281452C900343768 /* SearchResultTableViewCell.swift in Sources */,
				F67CE94B2808962B00821EA1 /* Movie.swift in Sources */,
				F67CE943280876CE00821EA1 /* TabBarViewController.swift in Sources */,
				F67CE9452808796400821EA1 /* Constants.swift in Sources */,
				F6D10E3328147D5E00343768 /* GenresResponse.swift in Sources */,
				F67CE941280876B200821EA1 /* LibraryViewController.swift in Sources */,
				F65DF579280EFE280069100A /* SectionHeaderCollectionReusableView.swift in Sources */,
				F6B3CC5828173109006E63E1 /* LibraryMovieTableViewCell.swift in Sources */,
				F6B3CC5A28173150006E63E1 /* LibraryMovieTableViewCellViewModel.swift in Sources */,
				F67CE93D280875ED00821EA1 /* HomeViewController.swift in Sources */,
				F6D10E392814A80300343768 /* MoviesViewController.swift in Sources */,
				F67CE9472808821A00821EA1 /* APICaller.swift in Sources */,
				F6B3CC5628172EFF006E63E1 /* SearchResultTableViewCellViewModel.swift in Sources */,
				F65DF57B280EFF3F0069100A /* Extensions.swift in Sources */,
			);
			runOnlyForDeploymentPostprocessing = 0;
		};
		F67CE9132808710C00821EA1 /* Sources */ = {
			isa = PBXSourcesBuildPhase;
			buildActionMask = 2147483647;
			files = (
			);
			runOnlyForDeploymentPostprocessing = 0;
		};
		F67CE91D2808710C00821EA1 /* Sources */ = {
			isa = PBXSourcesBuildPhase;
			buildActionMask = 2147483647;
			files = (
			);
			runOnlyForDeploymentPostprocessing = 0;
		};
/* End PBXSourcesBuildPhase section */

/* Begin PBXTargetDependency section */
		F67CE9192808710C00821EA1 /* PBXTargetDependency */ = {
			isa = PBXTargetDependency;
			target = F67CE9002808710600821EA1 /* movies */;
			targetProxy = F67CE9182808710C00821EA1 /* PBXContainerItemProxy */;
		};
		F67CE9232808710C00821EA1 /* PBXTargetDependency */ = {
			isa = PBXTargetDependency;
			target = F67CE9002808710600821EA1 /* movies */;
			targetProxy = F67CE9222808710C00821EA1 /* PBXContainerItemProxy */;
		};
/* End PBXTargetDependency section */

/* Begin PBXVariantGroup section */
		F62D6547281AE523006C10E0 /* Localizable.strings */ = {
			isa = PBXVariantGroup;
			children = (
				F62D6546281AE523006C10E0 /* en */,
				F62D6548281AE529006C10E0 /* pl */,
			);
			name = Localizable.strings;
			sourceTree = "<group>";
		};
		F67CE90F2808710C00821EA1 /* LaunchScreen.storyboard */ = {
			isa = PBXVariantGroup;
			children = (
				F67CE9102808710C00821EA1 /* Base */,
				F62D6542281AE4ED006C10E0 /* pl */,
			);
			name = LaunchScreen.storyboard;
			sourceTree = "<group>";
		};
/* End PBXVariantGroup section */

/* Begin XCBuildConfiguration section */
		F67CE9292808710C00821EA1 /* Debug */ = {
			isa = XCBuildConfiguration;
			buildSettings = {
				ALWAYS_SEARCH_USER_PATHS = NO;
				CLANG_ANALYZER_LOCALIZABILITY_NONLOCALIZED = YES;
				CLANG_ANALYZER_NONNULL = YES;
				CLANG_ANALYZER_NUMBER_OBJECT_CONVERSION = YES_AGGRESSIVE;
				CLANG_CXX_LANGUAGE_STANDARD = "gnu++17";
				CLANG_ENABLE_MODULES = YES;
				CLANG_ENABLE_OBJC_ARC = YES;
				CLANG_ENABLE_OBJC_WEAK = YES;
				CLANG_WARN_BLOCK_CAPTURE_AUTORELEASING = YES;
				CLANG_WARN_BOOL_CONVERSION = YES;
				CLANG_WARN_COMMA = YES;
				CLANG_WARN_CONSTANT_CONVERSION = YES;
				CLANG_WARN_DEPRECATED_OBJC_IMPLEMENTATIONS = YES;
				CLANG_WARN_DIRECT_OBJC_ISA_USAGE = YES_ERROR;
				CLANG_WARN_DOCUMENTATION_COMMENTS = YES;
				CLANG_WARN_EMPTY_BODY = YES;
				CLANG_WARN_ENUM_CONVERSION = YES;
				CLANG_WARN_INFINITE_RECURSION = YES;
				CLANG_WARN_INT_CONVERSION = YES;
				CLANG_WARN_NON_LITERAL_NULL_CONVERSION = YES;
				CLANG_WARN_OBJC_IMPLICIT_RETAIN_SELF = YES;
				CLANG_WARN_OBJC_LITERAL_CONVERSION = YES;
				CLANG_WARN_OBJC_ROOT_CLASS = YES_ERROR;
				CLANG_WARN_QUOTED_INCLUDE_IN_FRAMEWORK_HEADER = YES;
				CLANG_WARN_RANGE_LOOP_ANALYSIS = YES;
				CLANG_WARN_STRICT_PROTOTYPES = YES;
				CLANG_WARN_SUSPICIOUS_MOVE = YES;
				CLANG_WARN_UNGUARDED_AVAILABILITY = YES_AGGRESSIVE;
				CLANG_WARN_UNREACHABLE_CODE = YES;
				CLANG_WARN__DUPLICATE_METHOD_MATCH = YES;
				COPY_PHASE_STRIP = NO;
				DEBUG_INFORMATION_FORMAT = dwarf;
				ENABLE_STRICT_OBJC_MSGSEND = YES;
				ENABLE_TESTABILITY = YES;
				GCC_C_LANGUAGE_STANDARD = gnu11;
				GCC_DYNAMIC_NO_PIC = NO;
				GCC_NO_COMMON_BLOCKS = YES;
				GCC_OPTIMIZATION_LEVEL = 0;
				GCC_PREPROCESSOR_DEFINITIONS = (
					"DEBUG=1",
					"$(inherited)",
				);
				GCC_WARN_64_TO_32_BIT_CONVERSION = YES;
				GCC_WARN_ABOUT_RETURN_TYPE = YES_ERROR;
				GCC_WARN_UNDECLARED_SELECTOR = YES;
				GCC_WARN_UNINITIALIZED_AUTOS = YES_AGGRESSIVE;
				GCC_WARN_UNUSED_FUNCTION = YES;
				GCC_WARN_UNUSED_VARIABLE = YES;
				IPHONEOS_DEPLOYMENT_TARGET = 15.4;
				MTL_ENABLE_DEBUG_INFO = INCLUDE_SOURCE;
				MTL_FAST_MATH = YES;
				ONLY_ACTIVE_ARCH = YES;
				SDKROOT = iphoneos;
				SWIFT_ACTIVE_COMPILATION_CONDITIONS = DEBUG;
				SWIFT_OPTIMIZATION_LEVEL = "-Onone";
			};
			name = Debug;
		};
		F67CE92A2808710C00821EA1 /* Release */ = {
			isa = XCBuildConfiguration;
			buildSettings = {
				ALWAYS_SEARCH_USER_PATHS = NO;
				CLANG_ANALYZER_LOCALIZABILITY_NONLOCALIZED = YES;
				CLANG_ANALYZER_NONNULL = YES;
				CLANG_ANALYZER_NUMBER_OBJECT_CONVERSION = YES_AGGRESSIVE;
				CLANG_CXX_LANGUAGE_STANDARD = "gnu++17";
				CLANG_ENABLE_MODULES = YES;
				CLANG_ENABLE_OBJC_ARC = YES;
				CLANG_ENABLE_OBJC_WEAK = YES;
				CLANG_WARN_BLOCK_CAPTURE_AUTORELEASING = YES;
				CLANG_WARN_BOOL_CONVERSION = YES;
				CLANG_WARN_COMMA = YES;
				CLANG_WARN_CONSTANT_CONVERSION = YES;
				CLANG_WARN_DEPRECATED_OBJC_IMPLEMENTATIONS = YES;
				CLANG_WARN_DIRECT_OBJC_ISA_USAGE = YES_ERROR;
				CLANG_WARN_DOCUMENTATION_COMMENTS = YES;
				CLANG_WARN_EMPTY_BODY = YES;
				CLANG_WARN_ENUM_CONVERSION = YES;
				CLANG_WARN_INFINITE_RECURSION = YES;
				CLANG_WARN_INT_CONVERSION = YES;
				CLANG_WARN_NON_LITERAL_NULL_CONVERSION = YES;
				CLANG_WARN_OBJC_IMPLICIT_RETAIN_SELF = YES;
				CLANG_WARN_OBJC_LITERAL_CONVERSION = YES;
				CLANG_WARN_OBJC_ROOT_CLASS = YES_ERROR;
				CLANG_WARN_QUOTED_INCLUDE_IN_FRAMEWORK_HEADER = YES;
				CLANG_WARN_RANGE_LOOP_ANALYSIS = YES;
				CLANG_WARN_STRICT_PROTOTYPES = YES;
				CLANG_WARN_SUSPICIOUS_MOVE = YES;
				CLANG_WARN_UNGUARDED_AVAILABILITY = YES_AGGRESSIVE;
				CLANG_WARN_UNREACHABLE_CODE = YES;
				CLANG_WARN__DUPLICATE_METHOD_MATCH = YES;
				COPY_PHASE_STRIP = NO;
				DEBUG_INFORMATION_FORMAT = "dwarf-with-dsym";
				ENABLE_NS_ASSERTIONS = NO;
				ENABLE_STRICT_OBJC_MSGSEND = YES;
				GCC_C_LANGUAGE_STANDARD = gnu11;
				GCC_NO_COMMON_BLOCKS = YES;
				GCC_WARN_64_TO_32_BIT_CONVERSION = YES;
				GCC_WARN_ABOUT_RETURN_TYPE = YES_ERROR;
				GCC_WARN_UNDECLARED_SELECTOR = YES;
				GCC_WARN_UNINITIALIZED_AUTOS = YES_AGGRESSIVE;
				GCC_WARN_UNUSED_FUNCTION = YES;
				GCC_WARN_UNUSED_VARIABLE = YES;
				IPHONEOS_DEPLOYMENT_TARGET = 15.4;
				MTL_ENABLE_DEBUG_INFO = NO;
				MTL_FAST_MATH = YES;
				SDKROOT = iphoneos;
				SWIFT_COMPILATION_MODE = wholemodule;
				SWIFT_OPTIMIZATION_LEVEL = "-O";
				VALIDATE_PRODUCT = YES;
			};
			name = Release;
		};
		F67CE92C2808710C00821EA1 /* Debug */ = {
			isa = XCBuildConfiguration;
			baseConfigurationReference = 5BE9CAE698E271292CE92368 /* Pods-movies.debug.xcconfig */;
			buildSettings = {
				ASSETCATALOG_COMPILER_APPICON_NAME = AppIcon;
				ASSETCATALOG_COMPILER_GLOBAL_ACCENT_COLOR_NAME = AccentColor;
				CODE_SIGN_STYLE = Automatic;
				CURRENT_PROJECT_VERSION = 1;
				DEVELOPMENT_TEAM = AGC4X2PW5A;
				GENERATE_INFOPLIST_FILE = YES;
				INFOPLIST_FILE = movies/Info.plist;
				INFOPLIST_KEY_CFBundleDisplayName = Movies;
				INFOPLIST_KEY_UIApplicationSupportsIndirectInputEvents = YES;
				INFOPLIST_KEY_UILaunchStoryboardName = LaunchScreen;
				INFOPLIST_KEY_UIMainStoryboardFile = LaunchScreen;
				INFOPLIST_KEY_UISupportedInterfaceOrientations = UIInterfaceOrientationPortrait;
				INFOPLIST_KEY_UISupportedInterfaceOrientations_iPad = "UIInterfaceOrientationPortrait UIInterfaceOrientationPortraitUpsideDown UIInterfaceOrientationLandscapeLeft UIInterfaceOrientationLandscapeRight";
				INFOPLIST_KEY_UISupportedInterfaceOrientations_iPhone = "UIInterfaceOrientationPortrait UIInterfaceOrientationLandscapeLeft UIInterfaceOrientationLandscapeRight";
				LD_RUNPATH_SEARCH_PATHS = (
					"$(inherited)",
					"@executable_path/Frameworks",
				);
				MARKETING_VERSION = 1.0;
				PRODUCT_BUNDLE_IDENTIFIER = pawlicki.movies;
				PRODUCT_NAME = "$(TARGET_NAME)";
				SWIFT_EMIT_LOC_STRINGS = YES;
				SWIFT_VERSION = 5.0;
				TARGETED_DEVICE_FAMILY = "1,2";
			};
			name = Debug;
		};
		F67CE92D2808710C00821EA1 /* Release */ = {
			isa = XCBuildConfiguration;
			baseConfigurationReference = EE1C01DECF78C95F9CA9338B /* Pods-movies.release.xcconfig */;
			buildSettings = {
				ASSETCATALOG_COMPILER_APPICON_NAME = AppIcon;
				ASSETCATALOG_COMPILER_GLOBAL_ACCENT_COLOR_NAME = AccentColor;
				CODE_SIGN_STYLE = Automatic;
				CURRENT_PROJECT_VERSION = 1;
				DEVELOPMENT_TEAM = AGC4X2PW5A;
				GENERATE_INFOPLIST_FILE = YES;
				INFOPLIST_FILE = movies/Info.plist;
				INFOPLIST_KEY_CFBundleDisplayName = Movies;
				INFOPLIST_KEY_UIApplicationSupportsIndirectInputEvents = YES;
				INFOPLIST_KEY_UILaunchStoryboardName = LaunchScreen;
				INFOPLIST_KEY_UIMainStoryboardFile = LaunchScreen;
				INFOPLIST_KEY_UISupportedInterfaceOrientations = UIInterfaceOrientationPortrait;
				INFOPLIST_KEY_UISupportedInterfaceOrientations_iPad = "UIInterfaceOrientationPortrait UIInterfaceOrientationPortraitUpsideDown UIInterfaceOrientationLandscapeLeft UIInterfaceOrientationLandscapeRight";
				INFOPLIST_KEY_UISupportedInterfaceOrientations_iPhone = "UIInterfaceOrientationPortrait UIInterfaceOrientationLandscapeLeft UIInterfaceOrientationLandscapeRight";
				LD_RUNPATH_SEARCH_PATHS = (
					"$(inherited)",
					"@executable_path/Frameworks",
				);
				MARKETING_VERSION = 1.0;
				PRODUCT_BUNDLE_IDENTIFIER = pawlicki.movies;
				PRODUCT_NAME = "$(TARGET_NAME)";
				SWIFT_EMIT_LOC_STRINGS = YES;
				SWIFT_VERSION = 5.0;
				TARGETED_DEVICE_FAMILY = "1,2";
			};
			name = Release;
		};
		F67CE92F2808710C00821EA1 /* Debug */ = {
			isa = XCBuildConfiguration;
			buildSettings = {
				ALWAYS_EMBED_SWIFT_STANDARD_LIBRARIES = YES;
				BUNDLE_LOADER = "$(TEST_HOST)";
				CODE_SIGN_STYLE = Automatic;
				CURRENT_PROJECT_VERSION = 1;
				DEVELOPMENT_TEAM = AGC4X2PW5A;
				GENERATE_INFOPLIST_FILE = YES;
				IPHONEOS_DEPLOYMENT_TARGET = 15.4;
				MARKETING_VERSION = 1.0;
				PRODUCT_BUNDLE_IDENTIFIER = pawlicki.moviesTests;
				PRODUCT_NAME = "$(TARGET_NAME)";
				SWIFT_EMIT_LOC_STRINGS = NO;
				SWIFT_VERSION = 5.0;
				TARGETED_DEVICE_FAMILY = "1,2";
				TEST_HOST = "$(BUILT_PRODUCTS_DIR)/movies.app/movies";
			};
			name = Debug;
		};
		F67CE9302808710C00821EA1 /* Release */ = {
			isa = XCBuildConfiguration;
			buildSettings = {
				ALWAYS_EMBED_SWIFT_STANDARD_LIBRARIES = YES;
				BUNDLE_LOADER = "$(TEST_HOST)";
				CODE_SIGN_STYLE = Automatic;
				CURRENT_PROJECT_VERSION = 1;
				DEVELOPMENT_TEAM = AGC4X2PW5A;
				GENERATE_INFOPLIST_FILE = YES;
				IPHONEOS_DEPLOYMENT_TARGET = 15.4;
				MARKETING_VERSION = 1.0;
				PRODUCT_BUNDLE_IDENTIFIER = pawlicki.moviesTests;
				PRODUCT_NAME = "$(TARGET_NAME)";
				SWIFT_EMIT_LOC_STRINGS = NO;
				SWIFT_VERSION = 5.0;
				TARGETED_DEVICE_FAMILY = "1,2";
				TEST_HOST = "$(BUILT_PRODUCTS_DIR)/movies.app/movies";
			};
			name = Release;
		};
		F67CE9322808710C00821EA1 /* Debug */ = {
			isa = XCBuildConfiguration;
			buildSettings = {
				ALWAYS_EMBED_SWIFT_STANDARD_LIBRARIES = YES;
				CODE_SIGN_STYLE = Automatic;
				CURRENT_PROJECT_VERSION = 1;
				DEVELOPMENT_TEAM = AGC4X2PW5A;
				GENERATE_INFOPLIST_FILE = YES;
				MARKETING_VERSION = 1.0;
				PRODUCT_BUNDLE_IDENTIFIER = pawlicki.moviesUITests;
				PRODUCT_NAME = "$(TARGET_NAME)";
				SWIFT_EMIT_LOC_STRINGS = NO;
				SWIFT_VERSION = 5.0;
				TARGETED_DEVICE_FAMILY = "1,2";
				TEST_TARGET_NAME = movies;
			};
			name = Debug;
		};
		F67CE9332808710C00821EA1 /* Release */ = {
			isa = XCBuildConfiguration;
			buildSettings = {
				ALWAYS_EMBED_SWIFT_STANDARD_LIBRARIES = YES;
				CODE_SIGN_STYLE = Automatic;
				CURRENT_PROJECT_VERSION = 1;
				DEVELOPMENT_TEAM = AGC4X2PW5A;
				GENERATE_INFOPLIST_FILE = YES;
				MARKETING_VERSION = 1.0;
				PRODUCT_BUNDLE_IDENTIFIER = pawlicki.moviesUITests;
				PRODUCT_NAME = "$(TARGET_NAME)";
				SWIFT_EMIT_LOC_STRINGS = NO;
				SWIFT_VERSION = 5.0;
				TARGETED_DEVICE_FAMILY = "1,2";
				TEST_TARGET_NAME = movies;
			};
			name = Release;
		};
/* End XCBuildConfiguration section */

/* Begin XCConfigurationList section */
		F67CE8FC2808710600821EA1 /* Build configuration list for PBXProject "movies" */ = {
			isa = XCConfigurationList;
			buildConfigurations = (
				F67CE9292808710C00821EA1 /* Debug */,
				F67CE92A2808710C00821EA1 /* Release */,
			);
			defaultConfigurationIsVisible = 0;
			defaultConfigurationName = Release;
		};
		F67CE92B2808710C00821EA1 /* Build configuration list for PBXNativeTarget "movies" */ = {
			isa = XCConfigurationList;
			buildConfigurations = (
				F67CE92C2808710C00821EA1 /* Debug */,
				F67CE92D2808710C00821EA1 /* Release */,
			);
			defaultConfigurationIsVisible = 0;
			defaultConfigurationName = Release;
		};
		F67CE92E2808710C00821EA1 /* Build configuration list for PBXNativeTarget "moviesTests" */ = {
			isa = XCConfigurationList;
			buildConfigurations = (
				F67CE92F2808710C00821EA1 /* Debug */,
				F67CE9302808710C00821EA1 /* Release */,
			);
			defaultConfigurationIsVisible = 0;
			defaultConfigurationName = Release;
		};
		F67CE9312808710C00821EA1 /* Build configuration list for PBXNativeTarget "moviesUITests" */ = {
			isa = XCConfigurationList;
			buildConfigurations = (
				F67CE9322808710C00821EA1 /* Debug */,
				F67CE9332808710C00821EA1 /* Release */,
			);
			defaultConfigurationIsVisible = 0;
			defaultConfigurationName = Release;
		};
/* End XCConfigurationList section */

/* Begin XCVersionGroup section */
		F6A7DD6B2815BFC900FB319E /* Movies.xcdatamodeld */ = {
			isa = XCVersionGroup;
			children = (
				F6A7DD6C2815BFC900FB319E /* Movies.xcdatamodel */,
			);
			currentVersion = F6A7DD6C2815BFC900FB319E /* Movies.xcdatamodel */;
			path = Movies.xcdatamodeld;
			sourceTree = "<group>";
			versionGroupType = wrapper.xcdatamodel;
		};
/* End XCVersionGroup section */
	};
	rootObject = F67CE8F92808710600821EA1 /* Project object */;
}
